
Microsoft Visual Studio Solution File, Format Version 12.00
# Visual Studio Version 17
VisualStudioVersion = 17.4.33213.308
MinimumVisualStudioVersion = 10.0.40219.1
Project("{FAE04EC0-301F-11D3-BF4B-00C04F79EFBC}") = "Exs", "Exs.csproj", "{30032F1B-CD39-48BF-AB37-143D2D6452F1}"
EndProject
Global
	GlobalSection(SolutionConfigurationPlatforms) = preSolution
		Debug|Any CPU = Debug|Any CPU
		Release|Any CPU = Release|Any CPU
	EndGlobalSection
	GlobalSection(ProjectConfigurationPlatforms) = postSolution
		{30032F1B-CD39-48BF-AB37-143D2D6452F1}.Debug|Any CPU.ActiveCfg = Debug|Any CPU
		{30032F1B-CD39-48BF-AB37-143D2D6452F1}.Debug|Any CPU.Build.0 = Debug|Any CPU
		{30032F1B-CD39-48BF-AB37-143D2D6452F1}.Release|Any CPU.ActiveCfg = Release|Any CPU
		{30032F1B-CD39-48BF-AB37-143D2D6452F1}.Release|Any CPU.Build.0 = Release|Any CPU
	EndGlobalSection
	GlobalSection(SolutionProperties) = preSolution
		HideSolutionNode = FALSE
	EndGlobalSection
	GlobalSection(ExtensibilityGlobals) = postSolution
		SolutionGuid = {C8FF397D-5209-48C4-B141-833D172C55BB}
	EndGlobalSection
EndGlobal
